{
  "name": "flake",
  "lockfileVersion": 3,
  "requires": true,
  "packages": {
    "": {
      "dependencies": {
        "@spoons-and-mirrors/pocket-universe": "github:spoons-and-mirrors/pocket-universe"
      }
    },
    "node_modules/@opencode-ai/plugin": {
      "version": "1.2.10",
      "resolved": "https://registry.npmjs.org/@opencode-ai/plugin/-/plugin-1.2.10.tgz",
      "integrity": "sha512-Z1BMqNHnD8AGAEb+kUz0b2SOuiODwdQLdCA4aVGTXqkGzhiD44OVxr85MeoJ5AMTnnea9SnJ3jp9GAQ5riXA5g==",
      "license": "MIT",
      "peer": true,
      "dependencies": {
        "@opencode-ai/sdk": "1.2.10",
        "zod": "4.1.8"
      }
    },
    "node_modules/@opencode-ai/sdk": {
      "version": "1.2.10",
      "resolved": "https://registry.npmjs.org/@opencode-ai/sdk/-/sdk-1.2.10.tgz",
      "integrity": "sha512-SyXcVqry2hitPVvQtvXOhqsWyFhSycG/+LTLYXrcq8AFmd9FR7dyBSDB3f5Ol6IPkYOegk8P2Eg2kKPNSNiKGw==",
      "license": "MIT",
      "peer": true
    },
    "node_modules/@spoons-and-mirrors/pocket-universe": {
      "version": "0.1.12",
      "resolved": "git+ssh://git@github.com/spoons-and-mirrors/pocket-universe.git#c321d8cb514579958d4bcd680c9807e9fa9f0409",
      "license": "MIT",
      "peerDependencies": {
        "@opencode-ai/plugin": "^1.0.0"
      }
    },
    "node_modules/zod": {
      "version": "4.1.8",
      "resolved": "https://registry.npmjs.org/zod/-/zod-4.1.8.tgz",
      "integrity": "sha512-5R1P+WwQqmmMIEACyzSvo4JXHY5WiAFHRMg+zBZKgKS+Q1viRa0C1hmUKtHltoIFKtIdki3pRxkmpP74jnNYHQ==",
      "license": "MIT",
      "peer": true,
      "funding": {
        "url": "https://github.com/sponsors/colinhacks"
      }
    }
  }
}
